
Microsoft Visual Studio Solution File, Format Version 12.00
# Visual Studio Version 17
VisualStudioVersion = 17.14.36414.22 d17.14
MinimumVisualStudioVersion = 10.0.40219.1
Project("{FAE04EC0-301F-11D3-BF4B-00C04F79EFBC}") = "WinFormsApp1", "WinFormsApp1.csproj", "{D6FC902F-91BC-4F0B-B39C-1D3DB17D369D}"
EndProject
Global
	GlobalSection(SolutionConfigurationPlatforms) = preSolution
		Debug|Any CPU = Debug|Any CPU
		Release|Any CPU = Release|Any CPU
	EndGlobalSection
	GlobalSection(ProjectConfigurationPlatforms) = postSolution
		{D6FC902F-91BC-4F0B-B39C-1D3DB17D369D}.Debug|Any CPU.ActiveCfg = Debug|Any CPU
		{D6FC902F-91BC-4F0B-B39C-1D3DB17D369D}.Debug|Any CPU.Build.0 = Debug|Any CPU
		{D6FC902F-91BC-4F0B-B39C-1D3DB17D369D}.Release|Any CPU.ActiveCfg = Release|Any CPU
		{D6FC902F-91BC-4F0B-B39C-1D3DB17D369D}.Release|Any CPU.Build.0 = Release|Any CPU
	EndGlobalSection
	GlobalSection(SolutionProperties) = preSolution
		HideSolutionNode = FALSE
	EndGlobalSection
	GlobalSection(ExtensibilityGlobals) = postSolution
		SolutionGuid = {F40DAAD2-ED6B-40A8-983E-C00A0B89BB96}
	EndGlobalSection
EndGlobal
