
Microsoft Visual Studio Solution File, Format Version 12.00
# Visual Studio Version 17
VisualStudioVersion = 17.14.36414.22 d17.14
MinimumVisualStudioVersion = 10.0.40219.1
Project("{FAE04EC0-301F-11D3-BF4B-00C04F79EFBC}") = "Chapter2ex", "Chapter2ex.csproj", "{404A4376-41C2-4307-A3DC-7250A60595CC}"
EndProject
Project("{FAE04EC0-301F-11D3-BF4B-00C04F79EFBC}") = "InchesToCentimeters", "..\InchesToCentimeters\InchesToCentimeters.csproj", "{13151C0A-3EED-4EAD-9F53-A6E3671E57D0}"
EndProject
Global
	GlobalSection(SolutionConfigurationPlatforms) = preSolution
		Debug|Any CPU = Debug|Any CPU
		Release|Any CPU = Release|Any CPU
	EndGlobalSection
	GlobalSection(ProjectConfigurationPlatforms) = postSolution
		{404A4376-41C2-4307-A3DC-7250A60595CC}.Debug|Any CPU.ActiveCfg = Debug|Any CPU
		{404A4376-41C2-4307-A3DC-7250A60595CC}.Debug|Any CPU.Build.0 = Debug|Any CPU
		{404A4376-41C2-4307-A3DC-7250A60595CC}.Release|Any CPU.ActiveCfg = Release|Any CPU
		{404A4376-41C2-4307-A3DC-7250A60595CC}.Release|Any CPU.Build.0 = Release|Any CPU
		{13151C0A-3EED-4EAD-9F53-A6E3671E57D0}.Debug|Any CPU.ActiveCfg = Debug|Any CPU
		{13151C0A-3EED-4EAD-9F53-A6E3671E57D0}.Debug|Any CPU.Build.0 = Debug|Any CPU
		{13151C0A-3EED-4EAD-9F53-A6E3671E57D0}.Release|Any CPU.ActiveCfg = Release|Any CPU
		{13151C0A-3EED-4EAD-9F53-A6E3671E57D0}.Release|Any CPU.Build.0 = Release|Any CPU
	EndGlobalSection
	GlobalSection(SolutionProperties) = preSolution
		HideSolutionNode = FALSE
	EndGlobalSection
	GlobalSection(ExtensibilityGlobals) = postSolution
		SolutionGuid = {82A7246D-2F9D-4C7C-AA55-C7DEEF7C40EC}
	EndGlobalSection
EndGlobal
